# This file is autogenerated, do not edit; changes may be undone by the next 'dep ensure'.


[[projects]]
  name = "github.com/couchbase/gocb"
  packages = ["."]
  revision = "699b13a51af5dd4f80ff3deedf41bba60debad32"
  version = "v1.3.7"

[[projects]]
  name = "github.com/dgrijalva/jwt-go"
  packages = ["."]
  revision = "06ea1031745cb8b3dab3f6a236daf2b0aa468b7e"
  version = "v3.2.0"

[[projects]]
  branch = "master"
  name = "github.com/golang/snappy"
  packages = ["."]
  revision = "2e65f85255dbc3072edf28d6b5b8efc472979f5a"

[[projects]]
  name = "github.com/google/uuid"
  packages = ["."]
  revision = "064e2069ce9c359c118179501254f67d7d37ba24"
  version = "0.2"

[[projects]]
  name = "github.com/gorilla/handlers"
  packages = ["."]
  revision = "90663712d74cb411cbef281bc1e08c19d1a76145"
  version = "v1.3.0"

[[projects]]
  branch = "master"
  name = "github.com/logrusorgru/aurora"
  packages = ["."]
  revision = "d694e6f975a9109e2b063829d563a7c153c4b53c"

[[projects]]
  name = "github.com/opentracing/opentracing-go"
  packages = [
    ".",
    "log"
  ]
  revision = "1949ddbfd147afd4d964a9f00b24eb291e0e7c38"
  version = "v1.0.2"

[[projects]]
  branch = "master"
  name = "golang.org/x/net"
  packages = [
    "context",
    "http/httpguts",
    "http2",
    "http2/hpack",
    "idna",
    "publicsuffix"
  ]
  revision = "afe8f62b1d6bbd81f31868121a50b06d8188e1f9"

[[projects]]
  name = "golang.org/x/text"
  packages = [
    "collate",
    "collate/build",
    "internal/colltab",
    "internal/gen",
    "internal/tag",
    "internal/triegen",
    "internal/ucd",
    "language",
    "secure/bidirule",
    "transform",
    "unicode/bidi",
    "unicode/cldr",
    "unicode/norm",
    "unicode/rangetable"
  ]
  revision = "f21a4dfb5e38f5895301dc265a8def02365cc3d0"
  version = "v0.3.0"

[[projects]]
  name = "gopkg.in/couchbase/gocbcore.v7"
  packages = ["."]
  revision = "536234ccff8c44ae6a95c4356b1fdb6b5d0b2933"
  version = "v7.1.2"

[[projects]]
  name = "gopkg.in/couchbaselabs/gocbconnstr.v1"
  packages = ["."]
  revision = "710456e087a6d497e87f41d0a9d98d6a75672186"
  version = "v1.0.1"

[[projects]]
  name = "gopkg.in/couchbaselabs/jsonx.v1"
  packages = ["."]
  revision = "5b7baa20429a46a5543ee259664cc86502738cad"
  version = "v1.0.0"

[[projects]]
  name = "gopkg.in/resty.v0"
  packages = ["."]
  revision = "cf81ed0a604d373be63b4c036c6b05c06520615f"
  version = "v0.13"

[solve-meta]
  analyzer-name = "dep"
  analyzer-version = 1
  inputs-digest = "0c241e51d5547017cc3eb9dc26b91de6fbf318938aad85cb22d7360b57189d5f"
  solver-name = "gps-cdcl"
  solver-version = 1
